schema: '2.0'
stages:
  prepare:
    cmd: python src/prepare.py
    deps:
    - path: src/prepare.py
      md5: 8cdcf94c001951d12a683ec2bb81c153
      size: 1048
    - path: train
      md5: b327c642538be3874f0856f44292f621.dir
      size: 571915376
      nfiles: 25000
    outs:
    - path: dataset_dogs_and_cats
      md5: 82f1195a2a6a80669ea64fd05cc22732.dir
      size: 571915376
      nfiles: 25000
  train:
    cmd: python src/train.py
    deps:
    - path: dataset_dogs_and_cats
      md5: 82f1195a2a6a80669ea64fd05cc22732.dir
      size: 571915376
      nfiles: 25000
    - path: src/train.py
      md5: b7baa01c34208b44f3e56455361aec62
      size: 2168
    params:
      params.yaml:
        train:
          lr: 0.001
          momentum: 0.9
          epochs: 10
    outs:
    - path: history.pkl
      md5: cd1a91f4d7a2efddf044682288ecdcc4
      size: 436
    - path: model.h5
      md5: 668846223121aca38812fb2069268e50
      size: 84637304
  evaluate:
    cmd: python src/evaluate.py
    deps:
    - path: history.pkl
      md5: cd1a91f4d7a2efddf044682288ecdcc4
      size: 436
    - path: model.h5
      md5: 668846223121aca38812fb2069268e50
      size: 84637304
    - path: src/evaluate.py
      md5: 23ca865c0ba8e25d45ba12b01df99440
      size: 2345
    outs:
    - path: plot.json
      md5: d4297e87bb58343b5bafa9337031fc71
      size: 666
    - path: score.json
      md5: a46e8981985928b4c9fe41b8a2d12f93
      size: 27
